// !$*UTF8*$!
{
	archiveVersion = 1;
	classes = {
	};
	objectVersion = 56;
	objects = {

/* Begin PBXBuildFile section */
		2463CEE82AF91929006AAE65 /* LoginViewController.swift in Sources */ = {isa = PBXBuildFile; fileRef = 2463CEE72AF91929006AAE65 /* LoginViewController.swift */; };
		2463CEEB2AF91951006AAE65 /* LoginViewViewModel.swift in Sources */ = {isa = PBXBuildFile; fileRef = 2463CEEA2AF91951006AAE65 /* LoginViewViewModel.swift */; };
		2463CEED2AF91FC9006AAE65 /* AppColors.swift in Sources */ = {isa = PBXBuildFile; fileRef = 2463CEEC2AF91FC9006AAE65 /* AppColors.swift */; };
		2463CEF02AF9201F006AAE65 /* UIColor+Extensions.swift in Sources */ = {isa = PBXBuildFile; fileRef = 2463CEEF2AF9201F006AAE65 /* UIColor+Extensions.swift */; };
		2463CEF22AF920F2006AAE65 /* UIImage+Extensions.swift in Sources */ = {isa = PBXBuildFile; fileRef = 2463CEF12AF920F2006AAE65 /* UIImage+Extensions.swift */; };
		2463CEF62AF92B37006AAE65 /* SnapKit in Frameworks */ = {isa = PBXBuildFile; productRef = 2463CEF52AF92B37006AAE65 /* SnapKit */; };
		2463CEF82AF931FF006AAE65 /* UIView+Extensions.swift in Sources */ = {isa = PBXBuildFile; fileRef = 2463CEF72AF931FF006AAE65 /* UIView+Extensions.swift */; };
		2463CEFD2AF9373A006AAE65 /* DNFForgedBlade-Medium.ttf in Resources */ = {isa = PBXBuildFile; fileRef = 2463CEFA2AF9373A006AAE65 /* DNFForgedBlade-Medium.ttf */; };
		2463CEFE2AF9373A006AAE65 /* DNFForgedBlade-Bold.ttf in Resources */ = {isa = PBXBuildFile; fileRef = 2463CEFB2AF9373A006AAE65 /* DNFForgedBlade-Bold.ttf */; };
		2463CEFF2AF9373A006AAE65 /* DNFForgedBlade-Light.ttf in Resources */ = {isa = PBXBuildFile; fileRef = 2463CEFC2AF9373A006AAE65 /* DNFForgedBlade-Light.ttf */; };
		2463CF022AF9383C006AAE65 /* AppFonts.swift in Sources */ = {isa = PBXBuildFile; fileRef = 2463CF012AF9383C006AAE65 /* AppFonts.swift */; };
		2463CF082AF93EE0006AAE65 /* NFTCardCell.swift in Sources */ = {isa = PBXBuildFile; fileRef = 2463CF072AF93EE0006AAE65 /* NFTCardCell.swift */; };
		2463CF0A2AF93F47006AAE65 /* NFTTraitView.swift in Sources */ = {isa = PBXBuildFile; fileRef = 2463CF092AF93F47006AAE65 /* NFTTraitView.swift */; };
		2463CF0F2AF9414B006AAE65 /* UICollectionReusableView+Extensions.swift in Sources */ = {isa = PBXBuildFile; fileRef = 2463CF0E2AF9414B006AAE65 /* UICollectionReusableView+Extensions.swift */; };
		2463CF122AF941C8006AAE65 /* NFTModel.swift in Sources */ = {isa = PBXBuildFile; fileRef = 2463CF112AF941C8006AAE65 /* NFTModel.swift */; };
		2463CF152AF942B5006AAE65 /* Nuke in Frameworks */ = {isa = PBXBuildFile; productRef = 2463CF142AF942B5006AAE65 /* Nuke */; };
		2463CF182AFA5AFE006AAE65 /* metamask-ios-sdk in Frameworks */ = {isa = PBXBuildFile; productRef = 2463CF172AFA5AFE006AAE65 /* metamask-ios-sdk */; };
		2463CF1A2AFA5C10006AAE65 /* UIButton+Extensions.swift in Sources */ = {isa = PBXBuildFile; fileRef = 2463CF192AFA5C10006AAE65 /* UIButton+Extensions.swift */; };
		2463CF1D2AFA5D59006AAE65 /* LoadingViewController.swift in Sources */ = {isa = PBXBuildFile; fileRef = 2463CF1C2AFA5D59006AAE65 /* LoadingViewController.swift */; };
		2463CF1F2AFA5EF4006AAE65 /* AppLogger.swift in Sources */ = {isa = PBXBuildFile; fileRef = 2463CF1E2AFA5EF4006AAE65 /* AppLogger.swift */; };
		2463CF212AFA5F24006AAE65 /* UIViewContoller+Extensions.swift in Sources */ = {isa = PBXBuildFile; fileRef = 2463CF202AFA5F24006AAE65 /* UIViewContoller+Extensions.swift */; };
		2463CF232AFA5F8D006AAE65 /* Constants.swift in Sources */ = {isa = PBXBuildFile; fileRef = 2463CF222AFA5F8D006AAE65 /* Constants.swift */; };
		2463CF252AFA5FEC006AAE65 /* BaseViewController.swift in Sources */ = {isa = PBXBuildFile; fileRef = 2463CF242AFA5FEC006AAE65 /* BaseViewController.swift */; };
		2463CF272AFA6276006AAE65 /* UIControl+Extensions.swift in Sources */ = {isa = PBXBuildFile; fileRef = 2463CF262AFA6276006AAE65 /* UIControl+Extensions.swift */; };
		2463CF2A2AFA667C006AAE65 /* AlchemyServiceManager.swift in Sources */ = {isa = PBXBuildFile; fileRef = 2463CF292AFA667C006AAE65 /* AlchemyServiceManager.swift */; };
		2463CF2C2AFA66C0006AAE65 /* NetworkServiceManager.swift in Sources */ = {isa = PBXBuildFile; fileRef = 2463CF2B2AFA66C0006AAE65 /* NetworkServiceManager.swift */; };
		2463CF2F2AFA68B4006AAE65 /* EnvironmentConfig.swift in Sources */ = {isa = PBXBuildFile; fileRef = 2463CF2E2AFA68B4006AAE65 /* EnvironmentConfig.swift */; };
		2463CF312AFBCCBA006AAE65 /* MainViewViewModel.swift in Sources */ = {isa = PBXBuildFile; fileRef = 2463CF302AFBCCBA006AAE65 /* MainViewViewModel.swift */; };
		246FBB962AF915EF00AFDD2E /* AppDelegate.swift in Sources */ = {isa = PBXBuildFile; fileRef = 246FBB952AF915EF00AFDD2E /* AppDelegate.swift */; };
		246FBB982AF915EF00AFDD2E /* SceneDelegate.swift in Sources */ = {isa = PBXBuildFile; fileRef = 246FBB972AF915EF00AFDD2E /* SceneDelegate.swift */; };
		246FBB9A2AF915F000AFDD2E /* MainViewController.swift in Sources */ = {isa = PBXBuildFile; fileRef = 246FBB992AF915EF00AFDD2E /* MainViewController.swift */; };
		246FBB9F2AF915F400AFDD2E /* Assets.xcassets in Resources */ = {isa = PBXBuildFile; fileRef = 246FBB9E2AF915F400AFDD2E /* Assets.xcassets */; };
		246FBBA22AF915F400AFDD2E /* LaunchScreen.storyboard in Resources */ = {isa = PBXBuildFile; fileRef = 246FBBA02AF915F400AFDD2E /* LaunchScreen.storyboard */; };
		246FBBAD2AF915F400AFDD2E /* MyNFTTrackerTests.swift in Sources */ = {isa = PBXBuildFile; fileRef = 246FBBAC2AF915F400AFDD2E /* MyNFTTrackerTests.swift */; };
		246FBBB72AF915F400AFDD2E /* MyNFTTrackerUITests.swift in Sources */ = {isa = PBXBuildFile; fileRef = 246FBBB62AF915F400AFDD2E /* MyNFTTrackerUITests.swift */; };
		246FBBB92AF915F400AFDD2E /* MyNFTTrackerUITestsLaunchTests.swift in Sources */ = {isa = PBXBuildFile; fileRef = 246FBBB82AF915F400AFDD2E /* MyNFTTrackerUITestsLaunchTests.swift */; };
		248737B22B03C43300E8938B /* NFTCardBackView.swift in Sources */ = {isa = PBXBuildFile; fileRef = 248737B12B03C43300E8938B /* NFTCardBackView.swift */; };
		248737B42B05111400E8938B /* UIStackView+Extensions.swift in Sources */ = {isa = PBXBuildFile; fileRef = 248737B32B05111400E8938B /* UIStackView+Extensions.swift */; };
		248737B72B051EBE00E8938B /* Lottie in Frameworks */ = {isa = PBXBuildFile; productRef = 248737B62B051EBE00E8938B /* Lottie */; };
		248737BA2B051F7B00E8938B /* bubble-lottie.json in Resources */ = {isa = PBXBuildFile; fileRef = 248737B92B051F7B00E8938B /* bubble-lottie.json */; };
		248737BD2B05D4B400E8938B /* SideMenu in Frameworks */ = {isa = PBXBuildFile; productRef = 248737BC2B05D4B400E8938B /* SideMenu */; };
		24A4BD882B05DA9400B2F21B /* ContentsSideMenuViewController.swift in Sources */ = {isa = PBXBuildFile; fileRef = 24A4BD872B05DA9400B2F21B /* ContentsSideMenuViewController.swift */; };
		24A4BD8A2B05E64700B2F21B /* UITableViewCell+Extensions.swift in Sources */ = {isa = PBXBuildFile; fileRef = 24A4BD892B05E64700B2F21B /* UITableViewCell+Extensions.swift */; };
		24A4BD8C2B05E77100B2F21B /* ContentsSideMenuViewViewModel.swift in Sources */ = {isa = PBXBuildFile; fileRef = 24A4BD8B2B05E77100B2F21B /* ContentsSideMenuViewViewModel.swift */; };
		24A4BD8F2B05F00F00B2F21B /* SettingsViewController.swift in Sources */ = {isa = PBXBuildFile; fileRef = 24A4BD8E2B05F00F00B2F21B /* SettingsViewController.swift */; };
		24A4BD912B05F1EC00B2F21B /* SettingsViewViewModel.swift in Sources */ = {isa = PBXBuildFile; fileRef = 24A4BD902B05F1EC00B2F21B /* SettingsViewViewModel.swift */; };
		24A4BD932B05F3A200B2F21B /* UISwitch+Extensions.swift in Sources */ = {isa = PBXBuildFile; fileRef = 24A4BD922B05F3A200B2F21B /* UISwitch+Extensions.swift */; };
		24DF40582B170CA10091ACFB /* SnackBarView.swift in Sources */ = {isa = PBXBuildFile; fileRef = 24DF40572B170CA10091ACFB /* SnackBarView.swift */; };
		24DF405A2B170CB50091ACFB /* SnackbarViewViewModel.swift in Sources */ = {isa = PBXBuildFile; fileRef = 24DF40592B170CB50091ACFB /* SnackbarViewViewModel.swift */; };
		24E3098A2B0D0711001EBE48 /* ToggleCell.swift in Sources */ = {isa = PBXBuildFile; fileRef = 24E309892B0D0711001EBE48 /* ToggleCell.swift */; };
/* End PBXBuildFile section */

/* Begin PBXContainerItemProxy section */
		246FBBA92AF915F400AFDD2E /* PBXContainerItemProxy */ = {
			isa = PBXContainerItemProxy;
			containerPortal = 246FBB8A2AF915EF00AFDD2E /* Project object */;
			proxyType = 1;
			remoteGlobalIDString = 246FBB912AF915EF00AFDD2E;
			remoteInfo = MyNFTTracker;
		};
		246FBBB32AF915F400AFDD2E /* PBXContainerItemProxy */ = {
			isa = PBXContainerItemProxy;
			containerPortal = 246FBB8A2AF915EF00AFDD2E /* Project object */;
			proxyType = 1;
			remoteGlobalIDString = 246FBB912AF915EF00AFDD2E;
			remoteInfo = MyNFTTracker;
		};
/* End PBXContainerItemProxy section */

/* Begin PBXFileReference section */
		2463CEE72AF91929006AAE65 /* LoginViewController.swift */ = {isa = PBXFileReference; lastKnownFileType = sourcecode.swift; path = LoginViewController.swift; sourceTree = "<group>"; };
		2463CEEA2AF91951006AAE65 /* LoginViewViewModel.swift */ = {isa = PBXFileReference; lastKnownFileType = sourcecode.swift; path = LoginViewViewModel.swift; sourceTree = "<group>"; };
		2463CEEC2AF91FC9006AAE65 /* AppColors.swift */ = {isa = PBXFileReference; lastKnownFileType = sourcecode.swift; path = AppColors.swift; sourceTree = "<group>"; };
		2463CEEF2AF9201F006AAE65 /* UIColor+Extensions.swift */ = {isa = PBXFileReference; lastKnownFileType = sourcecode.swift; path = "UIColor+Extensions.swift"; sourceTree = "<group>"; };
		2463CEF12AF920F2006AAE65 /* UIImage+Extensions.swift */ = {isa = PBXFileReference; lastKnownFileType = sourcecode.swift; path = "UIImage+Extensions.swift"; sourceTree = "<group>"; };
		2463CEF72AF931FF006AAE65 /* UIView+Extensions.swift */ = {isa = PBXFileReference; lastKnownFileType = sourcecode.swift; path = "UIView+Extensions.swift"; sourceTree = "<group>"; };
		2463CEFA2AF9373A006AAE65 /* DNFForgedBlade-Medium.ttf */ = {isa = PBXFileReference; lastKnownFileType = file; path = "DNFForgedBlade-Medium.ttf"; sourceTree = "<group>"; };
		2463CEFB2AF9373A006AAE65 /* DNFForgedBlade-Bold.ttf */ = {isa = PBXFileReference; lastKnownFileType = file; path = "DNFForgedBlade-Bold.ttf"; sourceTree = "<group>"; };
		2463CEFC2AF9373A006AAE65 /* DNFForgedBlade-Light.ttf */ = {isa = PBXFileReference; lastKnownFileType = file; path = "DNFForgedBlade-Light.ttf"; sourceTree = "<group>"; };
		2463CF012AF9383C006AAE65 /* AppFonts.swift */ = {isa = PBXFileReference; lastKnownFileType = sourcecode.swift; path = AppFonts.swift; sourceTree = "<group>"; };
		2463CF072AF93EE0006AAE65 /* NFTCardCell.swift */ = {isa = PBXFileReference; lastKnownFileType = sourcecode.swift; path = NFTCardCell.swift; sourceTree = "<group>"; };
		2463CF092AF93F47006AAE65 /* NFTTraitView.swift */ = {isa = PBXFileReference; lastKnownFileType = sourcecode.swift; path = NFTTraitView.swift; sourceTree = "<group>"; };
		2463CF0E2AF9414B006AAE65 /* UICollectionReusableView+Extensions.swift */ = {isa = PBXFileReference; lastKnownFileType = sourcecode.swift; path = "UICollectionReusableView+Extensions.swift"; sourceTree = "<group>"; };
		2463CF112AF941C8006AAE65 /* NFTModel.swift */ = {isa = PBXFileReference; lastKnownFileType = sourcecode.swift; path = NFTModel.swift; sourceTree = "<group>"; };
		2463CF192AFA5C10006AAE65 /* UIButton+Extensions.swift */ = {isa = PBXFileReference; lastKnownFileType = sourcecode.swift; path = "UIButton+Extensions.swift"; sourceTree = "<group>"; };
		2463CF1C2AFA5D59006AAE65 /* LoadingViewController.swift */ = {isa = PBXFileReference; lastKnownFileType = sourcecode.swift; path = LoadingViewController.swift; sourceTree = "<group>"; };
		2463CF1E2AFA5EF4006AAE65 /* AppLogger.swift */ = {isa = PBXFileReference; lastKnownFileType = sourcecode.swift; path = AppLogger.swift; sourceTree = "<group>"; };
		2463CF202AFA5F24006AAE65 /* UIViewContoller+Extensions.swift */ = {isa = PBXFileReference; lastKnownFileType = sourcecode.swift; path = "UIViewContoller+Extensions.swift"; sourceTree = "<group>"; };
		2463CF222AFA5F8D006AAE65 /* Constants.swift */ = {isa = PBXFileReference; lastKnownFileType = sourcecode.swift; path = Constants.swift; sourceTree = "<group>"; };
		2463CF242AFA5FEC006AAE65 /* BaseViewController.swift */ = {isa = PBXFileReference; lastKnownFileType = sourcecode.swift; path = BaseViewController.swift; sourceTree = "<group>"; };
		2463CF262AFA6276006AAE65 /* UIControl+Extensions.swift */ = {isa = PBXFileReference; lastKnownFileType = sourcecode.swift; path = "UIControl+Extensions.swift"; sourceTree = "<group>"; };
		2463CF292AFA667C006AAE65 /* AlchemyServiceManager.swift */ = {isa = PBXFileReference; lastKnownFileType = sourcecode.swift; path = AlchemyServiceManager.swift; sourceTree = "<group>"; };
		2463CF2B2AFA66C0006AAE65 /* NetworkServiceManager.swift */ = {isa = PBXFileReference; lastKnownFileType = sourcecode.swift; path = NetworkServiceManager.swift; sourceTree = "<group>"; };
		2463CF2D2AFA6891006AAE65 /* Config.xcconfig */ = {isa = PBXFileReference; lastKnownFileType = text.xcconfig; path = Config.xcconfig; sourceTree = "<group>"; };
		2463CF2E2AFA68B4006AAE65 /* EnvironmentConfig.swift */ = {isa = PBXFileReference; lastKnownFileType = sourcecode.swift; path = EnvironmentConfig.swift; sourceTree = "<group>"; };
		2463CF302AFBCCBA006AAE65 /* MainViewViewModel.swift */ = {isa = PBXFileReference; lastKnownFileType = sourcecode.swift; path = MainViewViewModel.swift; sourceTree = "<group>"; };
		246FBB922AF915EF00AFDD2E /* MyNFTTracker.app */ = {isa = PBXFileReference; explicitFileType = wrapper.application; includeInIndex = 0; path = MyNFTTracker.app; sourceTree = BUILT_PRODUCTS_DIR; };
		246FBB952AF915EF00AFDD2E /* AppDelegate.swift */ = {isa = PBXFileReference; lastKnownFileType = sourcecode.swift; path = AppDelegate.swift; sourceTree = "<group>"; };
		246FBB972AF915EF00AFDD2E /* SceneDelegate.swift */ = {isa = PBXFileReference; lastKnownFileType = sourcecode.swift; path = SceneDelegate.swift; sourceTree = "<group>"; };
		246FBB992AF915EF00AFDD2E /* MainViewController.swift */ = {isa = PBXFileReference; lastKnownFileType = sourcecode.swift; path = MainViewController.swift; sourceTree = "<group>"; };
		246FBB9E2AF915F400AFDD2E /* Assets.xcassets */ = {isa = PBXFileReference; lastKnownFileType = folder.assetcatalog; path = Assets.xcassets; sourceTree = "<group>"; };
		246FBBA12AF915F400AFDD2E /* Base */ = {isa = PBXFileReference; lastKnownFileType = file.storyboard; name = Base; path = Base.lproj/LaunchScreen.storyboard; sourceTree = "<group>"; };
		246FBBA32AF915F400AFDD2E /* Info.plist */ = {isa = PBXFileReference; lastKnownFileType = text.plist.xml; path = Info.plist; sourceTree = "<group>"; };
		246FBBA82AF915F400AFDD2E /* MyNFTTrackerTests.xctest */ = {isa = PBXFileReference; explicitFileType = wrapper.cfbundle; includeInIndex = 0; path = MyNFTTrackerTests.xctest; sourceTree = BUILT_PRODUCTS_DIR; };
		246FBBAC2AF915F400AFDD2E /* MyNFTTrackerTests.swift */ = {isa = PBXFileReference; lastKnownFileType = sourcecode.swift; path = MyNFTTrackerTests.swift; sourceTree = "<group>"; };
		246FBBB22AF915F400AFDD2E /* MyNFTTrackerUITests.xctest */ = {isa = PBXFileReference; explicitFileType = wrapper.cfbundle; includeInIndex = 0; path = MyNFTTrackerUITests.xctest; sourceTree = BUILT_PRODUCTS_DIR; };
		246FBBB62AF915F400AFDD2E /* MyNFTTrackerUITests.swift */ = {isa = PBXFileReference; lastKnownFileType = sourcecode.swift; path = MyNFTTrackerUITests.swift; sourceTree = "<group>"; };
		246FBBB82AF915F400AFDD2E /* MyNFTTrackerUITestsLaunchTests.swift */ = {isa = PBXFileReference; lastKnownFileType = sourcecode.swift; path = MyNFTTrackerUITestsLaunchTests.swift; sourceTree = "<group>"; };
		248737B12B03C43300E8938B /* NFTCardBackView.swift */ = {isa = PBXFileReference; lastKnownFileType = sourcecode.swift; path = NFTCardBackView.swift; sourceTree = "<group>"; };
		248737B32B05111400E8938B /* UIStackView+Extensions.swift */ = {isa = PBXFileReference; lastKnownFileType = sourcecode.swift; path = "UIStackView+Extensions.swift"; sourceTree = "<group>"; };
		248737B92B051F7B00E8938B /* bubble-lottie.json */ = {isa = PBXFileReference; fileEncoding = 4; lastKnownFileType = text.json; path = "bubble-lottie.json"; sourceTree = "<group>"; };
		24A4BD872B05DA9400B2F21B /* ContentsSideMenuViewController.swift */ = {isa = PBXFileReference; lastKnownFileType = sourcecode.swift; path = ContentsSideMenuViewController.swift; sourceTree = "<group>"; };
		24A4BD892B05E64700B2F21B /* UITableViewCell+Extensions.swift */ = {isa = PBXFileReference; lastKnownFileType = sourcecode.swift; path = "UITableViewCell+Extensions.swift"; sourceTree = "<group>"; };
		24A4BD8B2B05E77100B2F21B /* ContentsSideMenuViewViewModel.swift */ = {isa = PBXFileReference; lastKnownFileType = sourcecode.swift; path = ContentsSideMenuViewViewModel.swift; sourceTree = "<group>"; };
		24A4BD8E2B05F00F00B2F21B /* SettingsViewController.swift */ = {isa = PBXFileReference; lastKnownFileType = sourcecode.swift; path = SettingsViewController.swift; sourceTree = "<group>"; };
		24A4BD902B05F1EC00B2F21B /* SettingsViewViewModel.swift */ = {isa = PBXFileReference; lastKnownFileType = sourcecode.swift; path = SettingsViewViewModel.swift; sourceTree = "<group>"; };
		24A4BD922B05F3A200B2F21B /* UISwitch+Extensions.swift */ = {isa = PBXFileReference; lastKnownFileType = sourcecode.swift; path = "UISwitch+Extensions.swift"; sourceTree = "<group>"; };
		24DF40572B170CA10091ACFB /* SnackBarView.swift */ = {isa = PBXFileReference; lastKnownFileType = sourcecode.swift; path = SnackBarView.swift; sourceTree = "<group>"; };
		24DF40592B170CB50091ACFB /* SnackbarViewViewModel.swift */ = {isa = PBXFileReference; lastKnownFileType = sourcecode.swift; path = SnackbarViewViewModel.swift; sourceTree = "<group>"; };
		24E309892B0D0711001EBE48 /* ToggleCell.swift */ = {isa = PBXFileReference; lastKnownFileType = sourcecode.swift; path = ToggleCell.swift; sourceTree = "<group>"; };
/* End PBXFileReference section */

/* Begin PBXFrameworksBuildPhase section */
		246FBB8F2AF915EF00AFDD2E /* Frameworks */ = {
			isa = PBXFrameworksBuildPhase;
			buildActionMask = 2147483647;
			files = (
				2463CEF62AF92B37006AAE65 /* SnapKit in Frameworks */,
				2463CF152AF942B5006AAE65 /* Nuke in Frameworks */,
				2463CF182AFA5AFE006AAE65 /* metamask-ios-sdk in Frameworks */,
				248737BD2B05D4B400E8938B /* SideMenu in Frameworks */,
				248737B72B051EBE00E8938B /* Lottie in Frameworks */,
			);
			runOnlyForDeploymentPostprocessing = 0;
		};
		246FBBA52AF915F400AFDD2E /* Frameworks */ = {
			isa = PBXFrameworksBuildPhase;
			buildActionMask = 2147483647;
			files = (
			);
			runOnlyForDeploymentPostprocessing = 0;
		};
		246FBBAF2AF915F400AFDD2E /* Frameworks */ = {
			isa = PBXFrameworksBuildPhase;
			buildActionMask = 2147483647;
			files = (
			);
			runOnlyForDeploymentPostprocessing = 0;
		};
/* End PBXFrameworksBuildPhase section */

/* Begin PBXGroup section */
		2463CEE62AF91909006AAE65 /* Login */ = {
			isa = PBXGroup;
			children = (
				2463CEE72AF91929006AAE65 /* LoginViewController.swift */,
				2463CEEA2AF91951006AAE65 /* LoginViewViewModel.swift */,
			);
			path = Login;
			sourceTree = "<group>";
		};
		2463CEEE2AF91FE9006AAE65 /* Extensions */ = {
			isa = PBXGroup;
			children = (
				2463CEEF2AF9201F006AAE65 /* UIColor+Extensions.swift */,
				2463CEF12AF920F2006AAE65 /* UIImage+Extensions.swift */,
				2463CEF72AF931FF006AAE65 /* UIView+Extensions.swift */,
				2463CF0E2AF9414B006AAE65 /* UICollectionReusableView+Extensions.swift */,
				2463CF192AFA5C10006AAE65 /* UIButton+Extensions.swift */,
				2463CF202AFA5F24006AAE65 /* UIViewContoller+Extensions.swift */,
				2463CF262AFA6276006AAE65 /* UIControl+Extensions.swift */,
				248737B32B05111400E8938B /* UIStackView+Extensions.swift */,
				24A4BD892B05E64700B2F21B /* UITableViewCell+Extensions.swift */,
				24A4BD922B05F3A200B2F21B /* UISwitch+Extensions.swift */,
			);
			path = Extensions;
			sourceTree = "<group>";
		};
		2463CEF42AF92B37006AAE65 /* Frameworks */ = {
			isa = PBXGroup;
			children = (
			);
			name = Frameworks;
			sourceTree = "<group>";
		};
		2463CEF92AF93729006AAE65 /* Fonts */ = {
			isa = PBXGroup;
			children = (
				2463CEFB2AF9373A006AAE65 /* DNFForgedBlade-Bold.ttf */,
				2463CEFC2AF9373A006AAE65 /* DNFForgedBlade-Light.ttf */,
				2463CEFA2AF9373A006AAE65 /* DNFForgedBlade-Medium.ttf */,
			);
			path = Fonts;
			sourceTree = "<group>";
		};
		2463CF002AF9382D006AAE65 /* Utilities */ = {
			isa = PBXGroup;
			children = (
				2463CEEC2AF91FC9006AAE65 /* AppColors.swift */,
				2463CF012AF9383C006AAE65 /* AppFonts.swift */,
				2463CF1E2AFA5EF4006AAE65 /* AppLogger.swift */,
				2463CF222AFA5F8D006AAE65 /* Constants.swift */,
				2463CF2E2AFA68B4006AAE65 /* EnvironmentConfig.swift */,
			);
			path = Utilities;
			sourceTree = "<group>";
		};
		2463CF032AF93D92006AAE65 /* Main */ = {
			isa = PBXGroup;
			children = (
				246FBB992AF915EF00AFDD2E /* MainViewController.swift */,
				2463CF302AFBCCBA006AAE65 /* MainViewViewModel.swift */,
				24A4BD872B05DA9400B2F21B /* ContentsSideMenuViewController.swift */,
				24A4BD8B2B05E77100B2F21B /* ContentsSideMenuViewViewModel.swift */,
			);
			path = Main;
			sourceTree = "<group>";
		};
		2463CF042AF93E1A006AAE65 /* Views */ = {
			isa = PBXGroup;
			children = (
				24DF40562B170C830091ACFB /* SnackBarView */,
				24E309882B0D06B3001EBE48 /* SettingTableViewCell */,
				2463CF0B2AF940B1006AAE65 /* NFTCardCell */,
				2463CF072AF93EE0006AAE65 /* NFTCardCell.swift */,
				2463CF092AF93F47006AAE65 /* NFTTraitView.swift */,
			);
			path = Views;
			sourceTree = "<group>";
		};
		2463CF0B2AF940B1006AAE65 /* NFTCardCell */ = {
			isa = PBXGroup;
			children = (
				248737B12B03C43300E8938B /* NFTCardBackView.swift */,
			);
			path = NFTCardCell;
			sourceTree = "<group>";
		};
		2463CF102AF941BC006AAE65 /* Models */ = {
			isa = PBXGroup;
			children = (
				2463CF112AF941C8006AAE65 /* NFTModel.swift */,
			);
			path = Models;
			sourceTree = "<group>";
		};
		2463CF1B2AFA5D4F006AAE65 /* Base */ = {
			isa = PBXGroup;
			children = (
				2463CF1C2AFA5D59006AAE65 /* LoadingViewController.swift */,
				2463CF242AFA5FEC006AAE65 /* BaseViewController.swift */,
			);
			path = Base;
			sourceTree = "<group>";
		};
		2463CF282AFA6670006AAE65 /* NetworkManagers */ = {
			isa = PBXGroup;
			children = (
				2463CF292AFA667C006AAE65 /* AlchemyServiceManager.swift */,
				2463CF2B2AFA66C0006AAE65 /* NetworkServiceManager.swift */,
			);
			path = NetworkManagers;
			sourceTree = "<group>";
		};
		246FBB892AF915EF00AFDD2E = {
			isa = PBXGroup;
			children = (
				246FBB942AF915EF00AFDD2E /* MyNFTTracker */,
				246FBBAB2AF915F400AFDD2E /* MyNFTTrackerTests */,
				246FBBB52AF915F400AFDD2E /* MyNFTTrackerUITests */,
				246FBB932AF915EF00AFDD2E /* Products */,
				2463CEF42AF92B37006AAE65 /* Frameworks */,
			);
			sourceTree = "<group>";
		};
		246FBB932AF915EF00AFDD2E /* Products */ = {
			isa = PBXGroup;
			children = (
				246FBB922AF915EF00AFDD2E /* MyNFTTracker.app */,
				246FBBA82AF915F400AFDD2E /* MyNFTTrackerTests.xctest */,
				246FBBB22AF915F400AFDD2E /* MyNFTTrackerUITests.xctest */,
			);
			name = Products;
			sourceTree = "<group>";
		};
		246FBB942AF915EF00AFDD2E /* MyNFTTracker */ = {
			isa = PBXGroup;
			children = (
				2463CF282AFA6670006AAE65 /* NetworkManagers */,
				2463CF102AF941BC006AAE65 /* Models */,
				2463CF002AF9382D006AAE65 /* Utilities */,
				2463CEEE2AF91FE9006AAE65 /* Extensions */,
				246FBBC72AF9167400AFDD2E /* Resources */,
				2463CF042AF93E1A006AAE65 /* Views */,
				246FBBC52AF9165900AFDD2E /* ViewControllers */,
				246FBB952AF915EF00AFDD2E /* AppDelegate.swift */,
				246FBB972AF915EF00AFDD2E /* SceneDelegate.swift */,
				246FBBA32AF915F400AFDD2E /* Info.plist */,
				2463CF2D2AFA6891006AAE65 /* Config.xcconfig */,
			);
			path = MyNFTTracker;
			sourceTree = "<group>";
		};
		246FBBAB2AF915F400AFDD2E /* MyNFTTrackerTests */ = {
			isa = PBXGroup;
			children = (
				246FBBAC2AF915F400AFDD2E /* MyNFTTrackerTests.swift */,
			);
			path = MyNFTTrackerTests;
			sourceTree = "<group>";
		};
		246FBBB52AF915F400AFDD2E /* MyNFTTrackerUITests */ = {
			isa = PBXGroup;
			children = (
				246FBBB62AF915F400AFDD2E /* MyNFTTrackerUITests.swift */,
				246FBBB82AF915F400AFDD2E /* MyNFTTrackerUITestsLaunchTests.swift */,
			);
			path = MyNFTTrackerUITests;
			sourceTree = "<group>";
		};
		246FBBC52AF9165900AFDD2E /* ViewControllers */ = {
			isa = PBXGroup;
			children = (
				24A4BD8D2B05EE3400B2F21B /* Settings */,
				2463CF1B2AFA5D4F006AAE65 /* Base */,
				2463CF032AF93D92006AAE65 /* Main */,
				2463CEE62AF91909006AAE65 /* Login */,
			);
			path = ViewControllers;
			sourceTree = "<group>";
		};
		246FBBC72AF9167400AFDD2E /* Resources */ = {
			isa = PBXGroup;
			children = (
				248737B82B051F6500E8938B /* Lottie */,
				2463CEF92AF93729006AAE65 /* Fonts */,
				246FBBA02AF915F400AFDD2E /* LaunchScreen.storyboard */,
				246FBB9E2AF915F400AFDD2E /* Assets.xcassets */,
			);
			path = Resources;
			sourceTree = "<group>";
		};
		248737B82B051F6500E8938B /* Lottie */ = {
			isa = PBXGroup;
			children = (
				248737B92B051F7B00E8938B /* bubble-lottie.json */,
			);
			path = Lottie;
			sourceTree = "<group>";
		};
		24A4BD8D2B05EE3400B2F21B /* Settings */ = {
			isa = PBXGroup;
			children = (
				24A4BD8E2B05F00F00B2F21B /* SettingsViewController.swift */,
				24A4BD902B05F1EC00B2F21B /* SettingsViewViewModel.swift */,
			);
			path = Settings;
			sourceTree = "<group>";
		};
		24DF40562B170C830091ACFB /* SnackBarView */ = {
			isa = PBXGroup;
			children = (
				24DF40572B170CA10091ACFB /* SnackBarView.swift */,
				24DF40592B170CB50091ACFB /* SnackbarViewViewModel.swift */,
			);
			path = SnackBarView;
			sourceTree = "<group>";
		};
		24E309882B0D06B3001EBE48 /* SettingTableViewCell */ = {
			isa = PBXGroup;
			children = (
				24E309892B0D0711001EBE48 /* ToggleCell.swift */,
			);
			path = SettingTableViewCell;
			sourceTree = "<group>";
		};
/* End PBXGroup section */

/* Begin PBXNativeTarget section */
		246FBB912AF915EF00AFDD2E /* MyNFTTracker */ = {
			isa = PBXNativeTarget;
			buildConfigurationList = 246FBBBC2AF915F400AFDD2E /* Build configuration list for PBXNativeTarget "MyNFTTracker" */;
			buildPhases = (
				246FBB8E2AF915EF00AFDD2E /* Sources */,
				246FBB8F2AF915EF00AFDD2E /* Frameworks */,
				246FBB902AF915EF00AFDD2E /* Resources */,
			);
			buildRules = (
			);
			dependencies = (
			);
			name = MyNFTTracker;
			packageProductDependencies = (
				2463CEF52AF92B37006AAE65 /* SnapKit */,
				2463CF142AF942B5006AAE65 /* Nuke */,
				2463CF172AFA5AFE006AAE65 /* metamask-ios-sdk */,
				248737B62B051EBE00E8938B /* Lottie */,
				248737BC2B05D4B400E8938B /* SideMenu */,
			);
			productName = MyNFTTracker;
			productReference = 246FBB922AF915EF00AFDD2E /* MyNFTTracker.app */;
			productType = "com.apple.product-type.application";
		};
		246FBBA72AF915F400AFDD2E /* MyNFTTrackerTests */ = {
			isa = PBXNativeTarget;
			buildConfigurationList = 246FBBBF2AF915F400AFDD2E /* Build configuration list for PBXNativeTarget "MyNFTTrackerTests" */;
			buildPhases = (
				246FBBA42AF915F400AFDD2E /* Sources */,
				246FBBA52AF915F400AFDD2E /* Frameworks */,
				246FBBA62AF915F400AFDD2E /* Resources */,
			);
			buildRules = (
			);
			dependencies = (
				246FBBAA2AF915F400AFDD2E /* PBXTargetDependency */,
			);
			name = MyNFTTrackerTests;
			productName = MyNFTTrackerTests;
			productReference = 246FBBA82AF915F400AFDD2E /* MyNFTTrackerTests.xctest */;
			productType = "com.apple.product-type.bundle.unit-test";
		};
		246FBBB12AF915F400AFDD2E /* MyNFTTrackerUITests */ = {
			isa = PBXNativeTarget;
			buildConfigurationList = 246FBBC22AF915F400AFDD2E /* Build configuration list for PBXNativeTarget "MyNFTTrackerUITests" */;
			buildPhases = (
				246FBBAE2AF915F400AFDD2E /* Sources */,
				246FBBAF2AF915F400AFDD2E /* Frameworks */,
				246FBBB02AF915F400AFDD2E /* Resources */,
			);
			buildRules = (
			);
			dependencies = (
				246FBBB42AF915F400AFDD2E /* PBXTargetDependency */,
			);
			name = MyNFTTrackerUITests;
			productName = MyNFTTrackerUITests;
			productReference = 246FBBB22AF915F400AFDD2E /* MyNFTTrackerUITests.xctest */;
			productType = "com.apple.product-type.bundle.ui-testing";
		};
/* End PBXNativeTarget section */

/* Begin PBXProject section */
		246FBB8A2AF915EF00AFDD2E /* Project object */ = {
			isa = PBXProject;
			attributes = {
				BuildIndependentTargetsInParallel = 1;
				LastSwiftUpdateCheck = 1500;
				LastUpgradeCheck = 1500;
				TargetAttributes = {
					246FBB912AF915EF00AFDD2E = {
						CreatedOnToolsVersion = 15.0;
					};
					246FBBA72AF915F400AFDD2E = {
						CreatedOnToolsVersion = 15.0;
						TestTargetID = 246FBB912AF915EF00AFDD2E;
					};
					246FBBB12AF915F400AFDD2E = {
						CreatedOnToolsVersion = 15.0;
						TestTargetID = 246FBB912AF915EF00AFDD2E;
					};
				};
			};
			buildConfigurationList = 246FBB8D2AF915EF00AFDD2E /* Build configuration list for PBXProject "MyNFTTracker" */;
			compatibilityVersion = "Xcode 14.0";
			developmentRegion = en;
			hasScannedForEncodings = 0;
			knownRegions = (
				en,
				Base,
			);
			mainGroup = 246FBB892AF915EF00AFDD2E;
			packageReferences = (
				2463CEF32AF92987006AAE65 /* XCRemoteSwiftPackageReference "SnapKit" */,
				2463CF132AF9429C006AAE65 /* XCRemoteSwiftPackageReference "Nuke" */,
				2463CF162AFA5AFE006AAE65 /* XCRemoteSwiftPackageReference "metamask-ios-sdk" */,
				248737B52B051EBE00E8938B /* XCRemoteSwiftPackageReference "lottie-ios" */,
				248737BB2B05D4B400E8938B /* XCRemoteSwiftPackageReference "SideMenu" */,
			);
			productRefGroup = 246FBB932AF915EF00AFDD2E /* Products */;
			projectDirPath = "";
			projectRoot = "";
			targets = (
				246FBB912AF915EF00AFDD2E /* MyNFTTracker */,
				246FBBA72AF915F400AFDD2E /* MyNFTTrackerTests */,
				246FBBB12AF915F400AFDD2E /* MyNFTTrackerUITests */,
			);
		};
/* End PBXProject section */

/* Begin PBXResourcesBuildPhase section */
		246FBB902AF915EF00AFDD2E /* Resources */ = {
			isa = PBXResourcesBuildPhase;
			buildActionMask = 2147483647;
			files = (
				2463CEFE2AF9373A006AAE65 /* DNFForgedBlade-Bold.ttf in Resources */,
				2463CEFF2AF9373A006AAE65 /* DNFForgedBlade-Light.ttf in Resources */,
				246FBBA22AF915F400AFDD2E /* LaunchScreen.storyboard in Resources */,
				2463CEFD2AF9373A006AAE65 /* DNFForgedBlade-Medium.ttf in Resources */,
				248737BA2B051F7B00E8938B /* bubble-lottie.json in Resources */,
				246FBB9F2AF915F400AFDD2E /* Assets.xcassets in Resources */,
			);
			runOnlyForDeploymentPostprocessing = 0;
		};
		246FBBA62AF915F400AFDD2E /* Resources */ = {
			isa = PBXResourcesBuildPhase;
			buildActionMask = 2147483647;
			files = (
			);
			runOnlyForDeploymentPostprocessing = 0;
		};
		246FBBB02AF915F400AFDD2E /* Resources */ = {
			isa = PBXResourcesBuildPhase;
			buildActionMask = 2147483647;
			files = (
			);
			runOnlyForDeploymentPostprocessing = 0;
		};
/* End PBXResourcesBuildPhase section */

/* Begin PBXSourcesBuildPhase section */
		246FBB8E2AF915EF00AFDD2E /* Sources */ = {
			isa = PBXSourcesBuildPhase;
			buildActionMask = 2147483647;
			files = (
				2463CEE82AF91929006AAE65 /* LoginViewController.swift in Sources */,
				24A4BD8F2B05F00F00B2F21B /* SettingsViewController.swift in Sources */,
				2463CF212AFA5F24006AAE65 /* UIViewContoller+Extensions.swift in Sources */,
				24A4BD932B05F3A200B2F21B /* UISwitch+Extensions.swift in Sources */,
				2463CF122AF941C8006AAE65 /* NFTModel.swift in Sources */,
				246FBB9A2AF915F000AFDD2E /* MainViewController.swift in Sources */,
				2463CF0A2AF93F47006AAE65 /* NFTTraitView.swift in Sources */,
				2463CF2C2AFA66C0006AAE65 /* NetworkServiceManager.swift in Sources */,
				2463CF1D2AFA5D59006AAE65 /* LoadingViewController.swift in Sources */,
				246FBB962AF915EF00AFDD2E /* AppDelegate.swift in Sources */,
				2463CEF82AF931FF006AAE65 /* UIView+Extensions.swift in Sources */,
				24A4BD8A2B05E64700B2F21B /* UITableViewCell+Extensions.swift in Sources */,
				24A4BD882B05DA9400B2F21B /* ContentsSideMenuViewController.swift in Sources */,
				2463CEED2AF91FC9006AAE65 /* AppColors.swift in Sources */,
				24DF405A2B170CB50091ACFB /* SnackbarViewViewModel.swift in Sources */,
				2463CEF02AF9201F006AAE65 /* UIColor+Extensions.swift in Sources */,
				2463CF232AFA5F8D006AAE65 /* Constants.swift in Sources */,
				2463CF082AF93EE0006AAE65 /* NFTCardCell.swift in Sources */,
				2463CF2A2AFA667C006AAE65 /* AlchemyServiceManager.swift in Sources */,
				2463CF272AFA6276006AAE65 /* UIControl+Extensions.swift in Sources */,
				2463CF252AFA5FEC006AAE65 /* BaseViewController.swift in Sources */,
				2463CF022AF9383C006AAE65 /* AppFonts.swift in Sources */,
				2463CF1A2AFA5C10006AAE65 /* UIButton+Extensions.swift in Sources */,
				24A4BD8C2B05E77100B2F21B /* ContentsSideMenuViewViewModel.swift in Sources */,
				2463CF312AFBCCBA006AAE65 /* MainViewViewModel.swift in Sources */,
				2463CEEB2AF91951006AAE65 /* LoginViewViewModel.swift in Sources */,
				248737B22B03C43300E8938B /* NFTCardBackView.swift in Sources */,
				2463CF2F2AFA68B4006AAE65 /* EnvironmentConfig.swift in Sources */,
				2463CF0F2AF9414B006AAE65 /* UICollectionReusableView+Extensions.swift in Sources */,
				246FBB982AF915EF00AFDD2E /* SceneDelegate.swift in Sources */,
				2463CEF22AF920F2006AAE65 /* UIImage+Extensions.swift in Sources */,
				24DF40582B170CA10091ACFB /* SnackBarView.swift in Sources */,
				2463CF1F2AFA5EF4006AAE65 /* AppLogger.swift in Sources */,
				24E3098A2B0D0711001EBE48 /* ToggleCell.swift in Sources */,
				24A4BD912B05F1EC00B2F21B /* SettingsViewViewModel.swift in Sources */,
				248737B42B05111400E8938B /* UIStackView+Extensions.swift in Sources */,
			);
			runOnlyForDeploymentPostprocessing = 0;
		};
		246FBBA42AF915F400AFDD2E /* Sources */ = {
			isa = PBXSourcesBuildPhase;
			buildActionMask = 2147483647;
			files = (
				246FBBAD2AF915F400AFDD2E /* MyNFTTrackerTests.swift in Sources */,
			);
			runOnlyForDeploymentPostprocessing = 0;
		};
		246FBBAE2AF915F400AFDD2E /* Sources */ = {
			isa = PBXSourcesBuildPhase;
			buildActionMask = 2147483647;
			files = (
				246FBBB92AF915F400AFDD2E /* MyNFTTrackerUITestsLaunchTests.swift in Sources */,
				246FBBB72AF915F400AFDD2E /* MyNFTTrackerUITests.swift in Sources */,
			);
			runOnlyForDeploymentPostprocessing = 0;
		};
/* End PBXSourcesBuildPhase section */

/* Begin PBXTargetDependency section */
		246FBBAA2AF915F400AFDD2E /* PBXTargetDependency */ = {
			isa = PBXTargetDependency;
			target = 246FBB912AF915EF00AFDD2E /* MyNFTTracker */;
			targetProxy = 246FBBA92AF915F400AFDD2E /* PBXContainerItemProxy */;
		};
		246FBBB42AF915F400AFDD2E /* PBXTargetDependency */ = {
			isa = PBXTargetDependency;
			target = 246FBB912AF915EF00AFDD2E /* MyNFTTracker */;
			targetProxy = 246FBBB32AF915F400AFDD2E /* PBXContainerItemProxy */;
		};
/* End PBXTargetDependency section */

/* Begin PBXVariantGroup section */
		246FBBA02AF915F400AFDD2E /* LaunchScreen.storyboard */ = {
			isa = PBXVariantGroup;
			children = (
				246FBBA12AF915F400AFDD2E /* Base */,
			);
			name = LaunchScreen.storyboard;
			sourceTree = "<group>";
		};
/* End PBXVariantGroup section */

/* Begin XCBuildConfiguration section */
		246FBBBA2AF915F400AFDD2E /* Debug */ = {
			isa = XCBuildConfiguration;
			baseConfigurationReference = 2463CF2D2AFA6891006AAE65 /* Config.xcconfig */;
			buildSettings = {
				ALWAYS_SEARCH_USER_PATHS = NO;
				ASSETCATALOG_COMPILER_GENERATE_SWIFT_ASSET_SYMBOL_EXTENSIONS = YES;
				CLANG_ANALYZER_NONNULL = YES;
				CLANG_ANALYZER_NUMBER_OBJECT_CONVERSION = YES_AGGRESSIVE;
				CLANG_CXX_LANGUAGE_STANDARD = "gnu++20";
				CLANG_ENABLE_MODULES = YES;
				CLANG_ENABLE_OBJC_ARC = YES;
				CLANG_ENABLE_OBJC_WEAK = YES;
				CLANG_WARN_BLOCK_CAPTURE_AUTORELEASING = YES;
				CLANG_WARN_BOOL_CONVERSION = YES;
				CLANG_WARN_COMMA = YES;
				CLANG_WARN_CONSTANT_CONVERSION = YES;
				CLANG_WARN_DEPRECATED_OBJC_IMPLEMENTATIONS = YES;
				CLANG_WARN_DIRECT_OBJC_ISA_USAGE = YES_ERROR;
				CLANG_WARN_DOCUMENTATION_COMMENTS = YES;
				CLANG_WARN_EMPTY_BODY = YES;
				CLANG_WARN_ENUM_CONVERSION = YES;
				CLANG_WARN_INFINITE_RECURSION = YES;
				CLANG_WARN_INT_CONVERSION = YES;
				CLANG_WARN_NON_LITERAL_NULL_CONVERSION = YES;
				CLANG_WARN_OBJC_IMPLICIT_RETAIN_SELF = YES;
				CLANG_WARN_OBJC_LITERAL_CONVERSION = YES;
				CLANG_WARN_OBJC_ROOT_CLASS = YES_ERROR;
				CLANG_WARN_QUOTED_INCLUDE_IN_FRAMEWORK_HEADER = YES;
				CLANG_WARN_RANGE_LOOP_ANALYSIS = YES;
				CLANG_WARN_STRICT_PROTOTYPES = YES;
				CLANG_WARN_SUSPICIOUS_MOVE = YES;
				CLANG_WARN_UNGUARDED_AVAILABILITY = YES_AGGRESSIVE;
				CLANG_WARN_UNREACHABLE_CODE = YES;
				CLANG_WARN__DUPLICATE_METHOD_MATCH = YES;
				COPY_PHASE_STRIP = NO;
				DEBUG_INFORMATION_FORMAT = dwarf;
				ENABLE_STRICT_OBJC_MSGSEND = YES;
				ENABLE_TESTABILITY = YES;
				ENABLE_USER_SCRIPT_SANDBOXING = YES;
				GCC_C_LANGUAGE_STANDARD = gnu17;
				GCC_DYNAMIC_NO_PIC = NO;
				GCC_NO_COMMON_BLOCKS = YES;
				GCC_OPTIMIZATION_LEVEL = 0;
				GCC_PREPROCESSOR_DEFINITIONS = (
					"DEBUG=1",
					"$(inherited)",
				);
				GCC_WARN_64_TO_32_BIT_CONVERSION = YES;
				GCC_WARN_ABOUT_RETURN_TYPE = YES_ERROR;
				GCC_WARN_UNDECLARED_SELECTOR = YES;
				GCC_WARN_UNINITIALIZED_AUTOS = YES_AGGRESSIVE;
				GCC_WARN_UNUSED_FUNCTION = YES;
				GCC_WARN_UNUSED_VARIABLE = YES;
				IPHONEOS_DEPLOYMENT_TARGET = 17.0;
				LOCALIZATION_PREFERS_STRING_CATALOGS = YES;
				MTL_ENABLE_DEBUG_INFO = INCLUDE_SOURCE;
				MTL_FAST_MATH = YES;
				ONLY_ACTIVE_ARCH = YES;
				SDKROOT = iphoneos;
				SWIFT_ACTIVE_COMPILATION_CONDITIONS = "DEBUG $(inherited)";
				SWIFT_OPTIMIZATION_LEVEL = "-Onone";
			};
			name = Debug;
		};
		246FBBBB2AF915F400AFDD2E /* Release */ = {
			isa = XCBuildConfiguration;
			baseConfigurationReference = 2463CF2D2AFA6891006AAE65 /* Config.xcconfig */;
			buildSettings = {
				ALWAYS_SEARCH_USER_PATHS = NO;
				ASSETCATALOG_COMPILER_GENERATE_SWIFT_ASSET_SYMBOL_EXTENSIONS = YES;
				CLANG_ANALYZER_NONNULL = YES;
				CLANG_ANALYZER_NUMBER_OBJECT_CONVERSION = YES_AGGRESSIVE;
				CLANG_CXX_LANGUAGE_STANDARD = "gnu++20";
				CLANG_ENABLE_MODULES = YES;
				CLANG_ENABLE_OBJC_ARC = YES;
				CLANG_ENABLE_OBJC_WEAK = YES;
				CLANG_WARN_BLOCK_CAPTURE_AUTORELEASING = YES;
				CLANG_WARN_BOOL_CONVERSION = YES;
				CLANG_WARN_COMMA = YES;
				CLANG_WARN_CONSTANT_CONVERSION = YES;
				CLANG_WARN_DEPRECATED_OBJC_IMPLEMENTATIONS = YES;
				CLANG_WARN_DIRECT_OBJC_ISA_USAGE = YES_ERROR;
				CLANG_WARN_DOCUMENTATION_COMMENTS = YES;
				CLANG_WARN_EMPTY_BODY = YES;
				CLANG_WARN_ENUM_CONVERSION = YES;
				CLANG_WARN_INFINITE_RECURSION = YES;
				CLANG_WARN_INT_CONVERSION = YES;
				CLANG_WARN_NON_LITERAL_NULL_CONVERSION = YES;
				CLANG_WARN_OBJC_IMPLICIT_RETAIN_SELF = YES;
				CLANG_WARN_OBJC_LITERAL_CONVERSION = YES;
				CLANG_WARN_OBJC_ROOT_CLASS = YES_ERROR;
				CLANG_WARN_QUOTED_INCLUDE_IN_FRAMEWORK_HEADER = YES;
				CLANG_WARN_RANGE_LOOP_ANALYSIS = YES;
				CLANG_WARN_STRICT_PROTOTYPES = YES;
				CLANG_WARN_SUSPICIOUS_MOVE = YES;
				CLANG_WARN_UNGUARDED_AVAILABILITY = YES_AGGRESSIVE;
				CLANG_WARN_UNREACHABLE_CODE = YES;
				CLANG_WARN__DUPLICATE_METHOD_MATCH = YES;
				COPY_PHASE_STRIP = NO;
				DEBUG_INFORMATION_FORMAT = "dwarf-with-dsym";
				ENABLE_NS_ASSERTIONS = NO;
				ENABLE_STRICT_OBJC_MSGSEND = YES;
				ENABLE_USER_SCRIPT_SANDBOXING = YES;
				GCC_C_LANGUAGE_STANDARD = gnu17;
				GCC_NO_COMMON_BLOCKS = YES;
				GCC_WARN_64_TO_32_BIT_CONVERSION = YES;
				GCC_WARN_ABOUT_RETURN_TYPE = YES_ERROR;
				GCC_WARN_UNDECLARED_SELECTOR = YES;
				GCC_WARN_UNINITIALIZED_AUTOS = YES_AGGRESSIVE;
				GCC_WARN_UNUSED_FUNCTION = YES;
				GCC_WARN_UNUSED_VARIABLE = YES;
				IPHONEOS_DEPLOYMENT_TARGET = 17.0;
				LOCALIZATION_PREFERS_STRING_CATALOGS = YES;
				MTL_ENABLE_DEBUG_INFO = NO;
				MTL_FAST_MATH = YES;
				SDKROOT = iphoneos;
				SWIFT_COMPILATION_MODE = wholemodule;
				VALIDATE_PRODUCT = YES;
			};
			name = Release;
		};
		246FBBBD2AF915F400AFDD2E /* Debug */ = {
			isa = XCBuildConfiguration;
			baseConfigurationReference = 2463CF2D2AFA6891006AAE65 /* Config.xcconfig */;
			buildSettings = {
				ASSETCATALOG_COMPILER_APPICON_NAME = AppIcon;
				ASSETCATALOG_COMPILER_GLOBAL_ACCENT_COLOR_NAME = AccentColor;
				CODE_SIGN_STYLE = Automatic;
				CURRENT_PROJECT_VERSION = 1;
				DEVELOPMENT_TEAM = KZ7GPQGAGJ;
				GENERATE_INFOPLIST_FILE = YES;
				INFOPLIST_FILE = MyNFTTracker/Info.plist;
				INFOPLIST_KEY_UIApplicationSupportsIndirectInputEvents = YES;
				INFOPLIST_KEY_UILaunchStoryboardName = LaunchScreen;
				INFOPLIST_KEY_UISupportedInterfaceOrientations_iPad = "UIInterfaceOrientationPortrait UIInterfaceOrientationPortraitUpsideDown UIInterfaceOrientationLandscapeLeft UIInterfaceOrientationLandscapeRight";
				INFOPLIST_KEY_UISupportedInterfaceOrientations_iPhone = "UIInterfaceOrientationPortrait UIInterfaceOrientationLandscapeLeft UIInterfaceOrientationLandscapeRight";
				IPHONEOS_DEPLOYMENT_TARGET = 16.0;
				LD_RUNPATH_SEARCH_PATHS = (
					"$(inherited)",
					"@executable_path/Frameworks",
				);
				MARKETING_VERSION = 1.0;
				PRODUCT_BUNDLE_IDENTIFIER = com.gghoneycomb.MyNFTTracker;
				PRODUCT_NAME = "$(TARGET_NAME)";
				SWIFT_EMIT_LOC_STRINGS = YES;
				SWIFT_VERSION = 5.0;
				TARGETED_DEVICE_FAMILY = "1,2";
			};
			name = Debug;
		};
		246FBBBE2AF915F400AFDD2E /* Release */ = {
			isa = XCBuildConfiguration;
			baseConfigurationReference = 2463CF2D2AFA6891006AAE65 /* Config.xcconfig */;
			buildSettings = {
				ASSETCATALOG_COMPILER_APPICON_NAME = AppIcon;
				ASSETCATALOG_COMPILER_GLOBAL_ACCENT_COLOR_NAME = AccentColor;
				CODE_SIGN_STYLE = Automatic;
				CURRENT_PROJECT_VERSION = 1;
				DEVELOPMENT_TEAM = KZ7GPQGAGJ;
				GENERATE_INFOPLIST_FILE = YES;
				INFOPLIST_FILE = MyNFTTracker/Info.plist;
				INFOPLIST_KEY_UIApplicationSupportsIndirectInputEvents = YES;
				INFOPLIST_KEY_UILaunchStoryboardName = LaunchScreen;
				INFOPLIST_KEY_UISupportedInterfaceOrientations_iPad = "UIInterfaceOrientationPortrait UIInterfaceOrientationPortraitUpsideDown UIInterfaceOrientationLandscapeLeft UIInterfaceOrientationLandscapeRight";
				INFOPLIST_KEY_UISupportedInterfaceOrientations_iPhone = "UIInterfaceOrientationPortrait UIInterfaceOrientationLandscapeLeft UIInterfaceOrientationLandscapeRight";
				IPHONEOS_DEPLOYMENT_TARGET = 16.0;
				LD_RUNPATH_SEARCH_PATHS = (
					"$(inherited)",
					"@executable_path/Frameworks",
				);
				MARKETING_VERSION = 1.0;
				PRODUCT_BUNDLE_IDENTIFIER = com.gghoneycomb.MyNFTTracker;
				PRODUCT_NAME = "$(TARGET_NAME)";
				SWIFT_EMIT_LOC_STRINGS = YES;
				SWIFT_VERSION = 5.0;
				TARGETED_DEVICE_FAMILY = "1,2";
			};
			name = Release;
		};
		246FBBC02AF915F400AFDD2E /* Debug */ = {
			isa = XCBuildConfiguration;
			baseConfigurationReference = 2463CF2D2AFA6891006AAE65 /* Config.xcconfig */;
			buildSettings = {
				ALWAYS_EMBED_SWIFT_STANDARD_LIBRARIES = YES;
				BUNDLE_LOADER = "$(TEST_HOST)";
				CODE_SIGN_STYLE = Automatic;
				CURRENT_PROJECT_VERSION = 1;
				DEVELOPMENT_TEAM = KZ7GPQGAGJ;
				GENERATE_INFOPLIST_FILE = YES;
				IPHONEOS_DEPLOYMENT_TARGET = 17.0;
				MARKETING_VERSION = 1.0;
				PRODUCT_BUNDLE_IDENTIFIER = com.gghoneycomb.MyNFTTrackerTests;
				PRODUCT_NAME = "$(TARGET_NAME)";
				SWIFT_EMIT_LOC_STRINGS = NO;
				SWIFT_VERSION = 5.0;
				TARGETED_DEVICE_FAMILY = "1,2";
				TEST_HOST = "$(BUILT_PRODUCTS_DIR)/MyNFTTracker.app/$(BUNDLE_EXECUTABLE_FOLDER_PATH)/MyNFTTracker";
			};
			name = Debug;
		};
		246FBBC12AF915F400AFDD2E /* Release */ = {
			isa = XCBuildConfiguration;
			baseConfigurationReference = 2463CF2D2AFA6891006AAE65 /* Config.xcconfig */;
			buildSettings = {
				ALWAYS_EMBED_SWIFT_STANDARD_LIBRARIES = YES;
				BUNDLE_LOADER = "$(TEST_HOST)";
				CODE_SIGN_STYLE = Automatic;
				CURRENT_PROJECT_VERSION = 1;
				DEVELOPMENT_TEAM = KZ7GPQGAGJ;
				GENERATE_INFOPLIST_FILE = YES;
				IPHONEOS_DEPLOYMENT_TARGET = 17.0;
				MARKETING_VERSION = 1.0;
				PRODUCT_BUNDLE_IDENTIFIER = com.gghoneycomb.MyNFTTrackerTests;
				PRODUCT_NAME = "$(TARGET_NAME)";
				SWIFT_EMIT_LOC_STRINGS = NO;
				SWIFT_VERSION = 5.0;
				TARGETED_DEVICE_FAMILY = "1,2";
				TEST_HOST = "$(BUILT_PRODUCTS_DIR)/MyNFTTracker.app/$(BUNDLE_EXECUTABLE_FOLDER_PATH)/MyNFTTracker";
			};
			name = Release;
		};
		246FBBC32AF915F400AFDD2E /* Debug */ = {
			isa = XCBuildConfiguration;
			baseConfigurationReference = 2463CF2D2AFA6891006AAE65 /* Config.xcconfig */;
			buildSettings = {
				ALWAYS_EMBED_SWIFT_STANDARD_LIBRARIES = YES;
				CODE_SIGN_STYLE = Automatic;
				CURRENT_PROJECT_VERSION = 1;
				DEVELOPMENT_TEAM = KZ7GPQGAGJ;
				GENERATE_INFOPLIST_FILE = YES;
				MARKETING_VERSION = 1.0;
				PRODUCT_BUNDLE_IDENTIFIER = com.gghoneycomb.MyNFTTrackerUITests;
				PRODUCT_NAME = "$(TARGET_NAME)";
				SWIFT_EMIT_LOC_STRINGS = NO;
				SWIFT_VERSION = 5.0;
				TARGETED_DEVICE_FAMILY = "1,2";
				TEST_TARGET_NAME = MyNFTTracker;
			};
			name = Debug;
		};
		246FBBC42AF915F400AFDD2E /* Release */ = {
			isa = XCBuildConfiguration;
			baseConfigurationReference = 2463CF2D2AFA6891006AAE65 /* Config.xcconfig */;
			buildSettings = {
				ALWAYS_EMBED_SWIFT_STANDARD_LIBRARIES = YES;
				CODE_SIGN_STYLE = Automatic;
				CURRENT_PROJECT_VERSION = 1;
				DEVELOPMENT_TEAM = KZ7GPQGAGJ;
				GENERATE_INFOPLIST_FILE = YES;
				MARKETING_VERSION = 1.0;
				PRODUCT_BUNDLE_IDENTIFIER = com.gghoneycomb.MyNFTTrackerUITests;
				PRODUCT_NAME = "$(TARGET_NAME)";
				SWIFT_EMIT_LOC_STRINGS = NO;
				SWIFT_VERSION = 5.0;
				TARGETED_DEVICE_FAMILY = "1,2";
				TEST_TARGET_NAME = MyNFTTracker;
			};
			name = Release;
		};
/* End XCBuildConfiguration section */

/* Begin XCConfigurationList section */
		246FBB8D2AF915EF00AFDD2E /* Build configuration list for PBXProject "MyNFTTracker" */ = {
			isa = XCConfigurationList;
			buildConfigurations = (
				246FBBBA2AF915F400AFDD2E /* Debug */,
				246FBBBB2AF915F400AFDD2E /* Release */,
			);
			defaultConfigurationIsVisible = 0;
			defaultConfigurationName = Release;
		};
		246FBBBC2AF915F400AFDD2E /* Build configuration list for PBXNativeTarget "MyNFTTracker" */ = {
			isa = XCConfigurationList;
			buildConfigurations = (
				246FBBBD2AF915F400AFDD2E /* Debug */,
				246FBBBE2AF915F400AFDD2E /* Release */,
			);
			defaultConfigurationIsVisible = 0;
			defaultConfigurationName = Release;
		};
		246FBBBF2AF915F400AFDD2E /* Build configuration list for PBXNativeTarget "MyNFTTrackerTests" */ = {
			isa = XCConfigurationList;
			buildConfigurations = (
				246FBBC02AF915F400AFDD2E /* Debug */,
				246FBBC12AF915F400AFDD2E /* Release */,
			);
			defaultConfigurationIsVisible = 0;
			defaultConfigurationName = Release;
		};
		246FBBC22AF915F400AFDD2E /* Build configuration list for PBXNativeTarget "MyNFTTrackerUITests" */ = {
			isa = XCConfigurationList;
			buildConfigurations = (
				246FBBC32AF915F400AFDD2E /* Debug */,
				246FBBC42AF915F400AFDD2E /* Release */,
			);
			defaultConfigurationIsVisible = 0;
			defaultConfigurationName = Release;
		};
/* End XCConfigurationList section */

/* Begin XCRemoteSwiftPackageReference section */
		2463CEF32AF92987006AAE65 /* XCRemoteSwiftPackageReference "SnapKit" */ = {
			isa = XCRemoteSwiftPackageReference;
			repositoryURL = "https://github.com/SnapKit/SnapKit.git";
			requirement = {
				kind = upToNextMajorVersion;
				minimumVersion = 5.6.0;
			};
		};
		2463CF132AF9429C006AAE65 /* XCRemoteSwiftPackageReference "Nuke" */ = {
			isa = XCRemoteSwiftPackageReference;
			repositoryURL = "https://github.com/kean/Nuke";
			requirement = {
				kind = upToNextMajorVersion;
				minimumVersion = 12.1.6;
			};
		};
		2463CF162AFA5AFE006AAE65 /* XCRemoteSwiftPackageReference "metamask-ios-sdk" */ = {
			isa = XCRemoteSwiftPackageReference;
			repositoryURL = "https://github.com/MetaMask/metamask-ios-sdk";
			requirement = {
				kind = upToNextMajorVersion;
				minimumVersion = 0.2.2;
			};
		};
		248737B52B051EBE00E8938B /* XCRemoteSwiftPackageReference "lottie-ios" */ = {
			isa = XCRemoteSwiftPackageReference;
			repositoryURL = "https://github.com/airbnb/lottie-ios";
			requirement = {
				kind = upToNextMajorVersion;
				minimumVersion = 4.3.3;
			};
		};
		248737BB2B05D4B400E8938B /* XCRemoteSwiftPackageReference "SideMenu" */ = {
			isa = XCRemoteSwiftPackageReference;
			repositoryURL = "https://github.com/jonkykong/SideMenu.git";
			requirement = {
				kind = upToNextMajorVersion;
				minimumVersion = 6.5.0;
			};
		};
/* End XCRemoteSwiftPackageReference section */

/* Begin XCSwiftPackageProductDependency section */
		2463CEF52AF92B37006AAE65 /* SnapKit */ = {
			isa = XCSwiftPackageProductDependency;
			package = 2463CEF32AF92987006AAE65 /* XCRemoteSwiftPackageReference "SnapKit" */;
			productName = SnapKit;
		};
		2463CF142AF942B5006AAE65 /* Nuke */ = {
			isa = XCSwiftPackageProductDependency;
			package = 2463CF132AF9429C006AAE65 /* XCRemoteSwiftPackageReference "Nuke" */;
			productName = Nuke;
		};
		2463CF172AFA5AFE006AAE65 /* metamask-ios-sdk */ = {
			isa = XCSwiftPackageProductDependency;
			package = 2463CF162AFA5AFE006AAE65 /* XCRemoteSwiftPackageReference "metamask-ios-sdk" */;
			productName = "metamask-ios-sdk";
		};
		248737B62B051EBE00E8938B /* Lottie */ = {
			isa = XCSwiftPackageProductDependency;
			package = 248737B52B051EBE00E8938B /* XCRemoteSwiftPackageReference "lottie-ios" */;
			productName = Lottie;
		};
		248737BC2B05D4B400E8938B /* SideMenu */ = {
			isa = XCSwiftPackageProductDependency;
			package = 248737BB2B05D4B400E8938B /* XCRemoteSwiftPackageReference "SideMenu" */;
			productName = SideMenu;
		};
/* End XCSwiftPackageProductDependency section */
	};
	rootObject = 246FBB8A2AF915EF00AFDD2E /* Project object */;
}
